schema: '2.0'
stages:
  train:
    cmd: python train_model.py
    params:
      params.yaml:
        train.max_depth: 10
        train.n_estimators: 100
    outs:
    - path: model/model.pkl
      hash: md5
      md5: f71a61624862ec363c2e1dba42811b2d
      size: 4300953
    - path: output/score.json
      hash: md5
      md5: 7e374bdf5213825aca0d07d69724e4a8
      size: 78
  evaluation:
    cmd: python evaluate_model.py
